// !$*UTF8*$!
{
	archiveVersion = 1;
	classes = {
	};
	objectVersion = 50;
	objects = {

/* Begin PBXBuildFile section */
		F5FF3A53228B4AF100EDCD8E /* AppDelegate.swift in Sources */ = {isa = PBXBuildFile; fileRef = F5FF3A52228B4AF100EDCD8E /* AppDelegate.swift */; };
		F5FF3A55228B4AF100EDCD8E /* ViewController.swift in Sources */ = {isa = PBXBuildFile; fileRef = F5FF3A54228B4AF100EDCD8E /* ViewController.swift */; };
		F5FF3A58228B4AF100EDCD8E /* Main.storyboard in Resources */ = {isa = PBXBuildFile; fileRef = F5FF3A56228B4AF100EDCD8E /* Main.storyboard */; };
		F5FF3A5A228B4AF300EDCD8E /* Assets.xcassets in Resources */ = {isa = PBXBuildFile; fileRef = F5FF3A59228B4AF300EDCD8E /* Assets.xcassets */; };
		F5FF3A5D228B4AF300EDCD8E /* LaunchScreen.storyboard in Resources */ = {isa = PBXBuildFile; fileRef = F5FF3A5B228B4AF300EDCD8E /* LaunchScreen.storyboard */; };
/* End PBXBuildFile section */

/* Begin PBXFileReference section */
		F5FF3A4F228B4AF100EDCD8E /* Speech Recognition.app */ = {isa = PBXFileReference; explicitFileType = wrapper.application; includeInIndex = 0; path = "Speech Recognition.app"; sourceTree = BUILT_PRODUCTS_DIR; };
		F5FF3A52228B4AF100EDCD8E /* AppDelegate.swift */ = {isa = PBXFileReference; lastKnownFileType = sourcecode.swift; path = AppDelegate.swift; sourceTree = "<group>"; };
		F5FF3A54228B4AF100EDCD8E /* ViewController.swift */ = {isa = PBXFileReference; lastKnownFileType = sourcecode.swift; path = ViewController.swift; sourceTree = "<group>"; };
		F5FF3A57228B4AF100EDCD8E /* Base */ = {isa = PBXFileReference; lastKnownFileType = file.storyboard; name = Base; path = Base.lproj/Main.storyboard; sourceTree = "<group>"; };
		F5FF3A59228B4AF300EDCD8E /* Assets.xcassets */ = {isa = PBXFileReference; lastKnownFileType = folder.assetcatalog; path = Assets.xcassets; sourceTree = "<group>"; };
		F5FF3A5C228B4AF300EDCD8E /* Base */ = {isa = PBXFileReference; lastKnownFileType = file.storyboard; name = Base; path = Base.lproj/LaunchScreen.storyboard; sourceTree = "<group>"; };
		F5FF3A5E228B4AF300EDCD8E /* Info.plist */ = {isa = PBXFileReference; lastKnownFileType = text.plist.xml; path = Info.plist; sourceTree = "<group>"; };
/* End PBXFileReference section */

/* Begin PBXFrameworksBuildPhase section */
		F5FF3A4C228B4AF100EDCD8E /* Frameworks */ = {
			isa = PBXFrameworksBuildPhase;
			buildActionMask = 2147483647;
			files = (
			);
			runOnlyForDeploymentPostprocessing = 0;
		};
/* End PBXFrameworksBuildPhase section */

/* Begin PBXGroup section */
		F5FF3A46228B4AF100EDCD8E = {
			isa = PBXGroup;
			children = (
				F5FF3A51228B4AF100EDCD8E /* Speech Recognition */,
				F5FF3A50228B4AF100EDCD8E /* Products */,
			);
			sourceTree = "<group>";
		};
		F5FF3A50228B4AF100EDCD8E /* Products */ = {
			isa = PBXGroup;
			children = (
				F5FF3A4F228B4AF100EDCD8E /* Speech Recognition.app */,
			);
			name = Products;
			sourceTree = "<group>";
		};
		F5FF3A51228B4AF100EDCD8E /* Speech Recognition */ = {
			isa = PBXGroup;
			children = (
				F5FF3A52228B4AF100EDCD8E /* AppDelegate.swift */,
				F5FF3A54228B4AF100EDCD8E /* ViewController.swift */,
				F5FF3A56228B4AF100EDCD8E /* Main.storyboard */,
				F5FF3A59228B4AF300EDCD8E /* Assets.xcassets */,
				F5FF3A5B228B4AF300EDCD8E /* LaunchScreen.storyboard */,
				F5FF3A5E228B4AF300EDCD8E /* Info.plist */,
			);
			path = "Speech Recognition";
			sourceTree = "<group>";
		};
/* End PBXGroup section */

/* Begin PBXNativeTarget section */
		F5FF3A4E228B4AF100EDCD8E /* Speech Recognition */ = {
			isa = PBXNativeTarget;
			buildConfigurationList = F5FF3A61228B4AF300EDCD8E /* Build configuration list for PBXNativeTarget "Speech Recognition" */;
			buildPhases = (
				F5FF3A4B228B4AF100EDCD8E /* Sources */,
				F5FF3A4C228B4AF100EDCD8E /* Frameworks */,
				F5FF3A4D228B4AF100EDCD8E /* Resources */,
			);
			buildRules = (
			);
			dependencies = (
			);
			name = "Speech Recognition";
			productName = "Speech Recognition";
			productReference = F5FF3A4F228B4AF100EDCD8E /* Speech Recognition.app */;
			productType = "com.apple.product-type.application";
		};
/* End PBXNativeTarget section */

/* Begin PBXProject section */
		F5FF3A47228B4AF100EDCD8E /* Project object */ = {
			isa = PBXProject;
			attributes = {
				LastSwiftUpdateCheck = 1020;
				LastUpgradeCheck = 1020;
				ORGANIZATIONNAME = "Prakhar Prakash Bhardwaj";
				TargetAttributes = {
					F5FF3A4E228B4AF100EDCD8E = {
						CreatedOnToolsVersion = 10.2.1;
					};
				};
			};
			buildConfigurationList = F5FF3A4A228B4AF100EDCD8E /* Build configuration list for PBXProject "Speech Recognition" */;
			compatibilityVersion = "Xcode 9.3";
			developmentRegion = en;
			hasScannedForEncodings = 0;
			knownRegions = (
				en,
				Base,
			);
			mainGroup = F5FF3A46228B4AF100EDCD8E;
			productRefGroup = F5FF3A50228B4AF100EDCD8E /* Products */;
			projectDirPath = "";
			projectRoot = "";
			targets = (
				F5FF3A4E228B4AF100EDCD8E /* Speech Recognition */,
			);
		};
/* End PBXProject section */

/* Begin PBXResourcesBuildPhase section */
		F5FF3A4D228B4AF100EDCD8E /* Resources */ = {
			isa = PBXResourcesBuildPhase;
			buildActionMask = 2147483647;
			files = (
				F5FF3A5D228B4AF300EDCD8E /* LaunchScreen.storyboard in Resources */,
				F5FF3A5A228B4AF300EDCD8E /* Assets.xcassets in Resources */,
				F5FF3A58228B4AF100EDCD8E /* Main.storyboard in Resources */,
			);
			runOnlyForDeploymentPostprocessing = 0;
		};
/* End PBXResourcesBuildPhase section */

/* Begin PBXSourcesBuildPhase section */
		F5FF3A4B228B4AF100EDCD8E /* Sources */ = {
			isa = PBXSourcesBuildPhase;
			buildActionMask = 2147483647;
			files = (
				F5FF3A55228B4AF100EDCD8E /* ViewController.swift in Sources */,
				F5FF3A53228B4AF100EDCD8E /* AppDelegate.swift in Sources */,
			);
			runOnlyForDeploymentPostprocessing = 0;
		};
/* End PBXSourcesBuildPhase section */

/* Begin PBXVariantGroup section */
		F5FF3A56228B4AF100EDCD8E /* Main.storyboard */ = {
			isa = PBXVariantGroup;
			children = (
				F5FF3A57228B4AF100EDCD8E /* Base */,
			);
			name = Main.storyboard;
			sourceTree = "<group>";
		};
		F5FF3A5B228B4AF300EDCD8E /* LaunchScreen.storyboard */ = {
			isa = PBXVariantGroup;
			children = (
				F5FF3A5C228B4AF300EDCD8E /* Base */,
			);
			name = LaunchScreen.storyboard;
			sourceTree = "<group>";
		};
/* End PBXVariantGroup section */

/* Begin XCBuildConfiguration section */
		F5FF3A5F228B4AF300EDCD8E /* Debug */ = {
			isa = XCBuildConfiguration;
			buildSettings = {
				ALWAYS_SEARCH_USER_PATHS = NO;
				CLANG_ANALYZER_NONNULL = YES;
				CLANG_ANALYZER_NUMBER_OBJECT_CONVERSION = YES_AGGRESSIVE;
				CLANG_CXX_LANGUAGE_STANDARD = "gnu++14";
				CLANG_CXX_LIBRARY = "libc++";
				CLANG_ENABLE_MODULES = YES;
				CLANG_ENABLE_OBJC_ARC = YES;
				CLANG_ENABLE_OBJC_WEAK = YES;
				CLANG_WARN_BLOCK_CAPTURE_AUTORELEASING = YES;
				CLANG_WARN_BOOL_CONVERSION = YES;
				CLANG_WARN_COMMA = YES;
				CLANG_WARN_CONSTANT_CONVERSION = YES;
				CLANG_WARN_DEPRECATED_OBJC_IMPLEMENTATIONS = YES;
				CLANG_WARN_DIRECT_OBJC_ISA_USAGE = YES_ERROR;
				CLANG_WARN_DOCUMENTATION_COMMENTS = YES;
				CLANG_WARN_EMPTY_BODY = YES;
				CLANG_WARN_ENUM_CONVERSION = YES;
				CLANG_WARN_INFINITE_RECURSION = YES;
				CLANG_WARN_INT_CONVERSION = YES;
				CLANG_WARN_NON_LITERAL_NULL_CONVERSION = YES;
				CLANG_WARN_OBJC_IMPLICIT_RETAIN_SELF = YES;
				CLANG_WARN_OBJC_LITERAL_CONVERSION = YES;
				CLANG_WARN_OBJC_ROOT_CLASS = YES_ERROR;
				CLANG_WARN_RANGE_LOOP_ANALYSIS = YES;
				CLANG_WARN_STRICT_PROTOTYPES = YES;
				CLANG_WARN_SUSPICIOUS_MOVE = YES;
				CLANG_WARN_UNGUARDED_AVAILABILITY = YES_AGGRESSIVE;
				CLANG_WARN_UNREACHABLE_CODE = YES;
				CLANG_WARN__DUPLICATE_METHOD_MATCH = YES;
				CODE_SIGN_IDENTITY = "iPhone Developer";
				COPY_PHASE_STRIP = NO;
				DEBUG_INFORMATION_FORMAT = dwarf;
				ENABLE_STRICT_OBJC_MSGSEND = YES;
				ENABLE_TESTABILITY = YES;
				GCC_C_LANGUAGE_STANDARD = gnu11;
				GCC_DYNAMIC_NO_PIC = NO;
				GCC_NO_COMMON_BLOCKS = YES;
				GCC_OPTIMIZATION_LEVEL = 0;
				GCC_PREPROCESSOR_DEFINITIONS = (
					"DEBUG=1",
					"$(inherited)",
				);
				GCC_WARN_64_TO_32_BIT_CONVERSION = YES;
				GCC_WARN_ABOUT_RETURN_TYPE = YES_ERROR;
				GCC_WARN_UNDECLARED_SELECTOR = YES;
				GCC_WARN_UNINITIALIZED_AUTOS = YES_AGGRESSIVE;
				GCC_WARN_UNUSED_FUNCTION = YES;
				GCC_WARN_UNUSED_VARIABLE = YES;
				IPHONEOS_DEPLOYMENT_TARGET = 12.2;
				MTL_ENABLE_DEBUG_INFO = INCLUDE_SOURCE;
				MTL_FAST_MATH = YES;
				ONLY_ACTIVE_ARCH = YES;
				SDKROOT = iphoneos;
				SWIFT_ACTIVE_COMPILATION_CONDITIONS = DEBUG;
				SWIFT_OPTIMIZATION_LEVEL = "-Onone";
			};
			name = Debug;
		};
		F5FF3A60228B4AF300EDCD8E /* Release */ = {
			isa = XCBuildConfiguration;
			buildSettings = {
				ALWAYS_SEARCH_USER_PATHS = NO;
				CLANG_ANALYZER_NONNULL = YES;
				CLANG_ANALYZER_NUMBER_OBJECT_CONVERSION = YES_AGGRESSIVE;
				CLANG_CXX_LANGUAGE_STANDARD = "gnu++14";
				CLANG_CXX_LIBRARY = "libc++";
				CLANG_ENABLE_MODULES = YES;
				CLANG_ENABLE_OBJC_ARC = YES;
				CLANG_ENABLE_OBJC_WEAK = YES;
				CLANG_WARN_BLOCK_CAPTURE_AUTORELEASING = YES;
				CLANG_WARN_BOOL_CONVERSION = YES;
				CLANG_WARN_COMMA = YES;
				CLANG_WARN_CONSTANT_CONVERSION = YES;
				CLANG_WARN_DEPRECATED_OBJC_IMPLEMENTATIONS = YES;
				CLANG_WARN_DIRECT_OBJC_ISA_USAGE = YES_ERROR;
				CLANG_WARN_DOCUMENTATION_COMMENTS = YES;
				CLANG_WARN_EMPTY_BODY = YES;
				CLANG_WARN_ENUM_CONVERSION = YES;
				CLANG_WARN_INFINITE_RECURSION = YES;
				CLANG_WARN_INT_CONVERSION = YES;
				CLANG_WARN_NON_LITERAL_NULL_CONVERSION = YES;
				CLANG_WARN_OBJC_IMPLICIT_RETAIN_SELF = YES;
				CLANG_WARN_OBJC_LITERAL_CONVERSION = YES;
				CLANG_WARN_OBJC_ROOT_CLASS = YES_ERROR;
				CLANG_WARN_RANGE_LOOP_ANALYSIS = YES;
				CLANG_WARN_STRICT_PROTOTYPES = YES;
				CLANG_WARN_SUSPICIOUS_MOVE = YES;
				CLANG_WARN_UNGUARDED_AVAILABILITY = YES_AGGRESSIVE;
				CLANG_WARN_UNREACHABLE_CODE = YES;
				CLANG_WARN__DUPLICATE_METHOD_MATCH = YES;
				CODE_SIGN_IDENTITY = "iPhone Developer";
				COPY_PHASE_STRIP = NO;
				DEBUG_INFORMATION_FORMAT = "dwarf-with-dsym";
				ENABLE_NS_ASSERTIONS = NO;
				ENABLE_STRICT_OBJC_MSGSEND = YES;
				GCC_C_LANGUAGE_STANDARD = gnu11;
				GCC_NO_COMMON_BLOCKS = YES;
				GCC_WARN_64_TO_32_BIT_CONVERSION = YES;
				GCC_WARN_ABOUT_RETURN_TYPE = YES_ERROR;
				GCC_WARN_UNDECLARED_SELECTOR = YES;
				GCC_WARN_UNINITIALIZED_AUTOS = YES_AGGRESSIVE;
				GCC_WARN_UNUSED_FUNCTION = YES;
				GCC_WARN_UNUSED_VARIABLE = YES;
				IPHONEOS_DEPLOYMENT_TARGET = 12.2;
				MTL_ENABLE_DEBUG_INFO = NO;
				MTL_FAST_MATH = YES;
				SDKROOT = iphoneos;
				SWIFT_COMPILATION_MODE = wholemodule;
				SWIFT_OPTIMIZATION_LEVEL = "-O";
				VALIDATE_PRODUCT = YES;
			};
			name = Release;
		};
		F5FF3A62228B4AF300EDCD8E /* Debug */ = {
			isa = XCBuildConfiguration;
			buildSettings = {
				ASSETCATALOG_COMPILER_APPICON_NAME = AppIcon;
				CODE_SIGN_STYLE = Automatic;
				DEVELOPMENT_TEAM = 83NZ63AJ89;
				INFOPLIST_FILE = "Speech Recognition/Info.plist";
				LD_RUNPATH_SEARCH_PATHS = (
					"$(inherited)",
					"@executable_path/Frameworks",
				);
				PRODUCT_BUNDLE_IDENTIFIER = "com.PrakharPrakashBhardwaj.Speech-Recognition";
				PRODUCT_NAME = "$(TARGET_NAME)";
				SWIFT_VERSION = 5.0;
				TARGETED_DEVICE_FAMILY = "1,2";
			};
			name = Debug;
		};
		F5FF3A63228B4AF300EDCD8E /* Release */ = {
			isa = XCBuildConfiguration;
			buildSettings = {
				ASSETCATALOG_COMPILER_APPICON_NAME = AppIcon;
				CODE_SIGN_STYLE = Automatic;
				DEVELOPMENT_TEAM = 83NZ63AJ89;
				INFOPLIST_FILE = "Speech Recognition/Info.plist";
				LD_RUNPATH_SEARCH_PATHS = (
					"$(inherited)",
					"@executable_path/Frameworks",
				);
				PRODUCT_BUNDLE_IDENTIFIER = "com.PrakharPrakashBhardwaj.Speech-Recognition";
				PRODUCT_NAME = "$(TARGET_NAME)";
				SWIFT_VERSION = 5.0;
				TARGETED_DEVICE_FAMILY = "1,2";
			};
			name = Release;
		};
/* End XCBuildConfiguration section */

/* Begin XCConfigurationList section */
		F5FF3A4A228B4AF100EDCD8E /* Build configuration list for PBXProject "Speech Recognition" */ = {
			isa = XCConfigurationList;
			buildConfigurations = (
				F5FF3A5F228B4AF300EDCD8E /* Debug */,
				F5FF3A60228B4AF300EDCD8E /* Release */,
			);
			defaultConfigurationIsVisible = 0;
			defaultConfigurationName = Release;
		};
		F5FF3A61228B4AF300EDCD8E /* Build configuration list for PBXNativeTarget "Speech Recognition" */ = {
			isa = XCConfigurationList;
			buildConfigurations = (
				F5FF3A62228B4AF300EDCD8E /* Debug */,
				F5FF3A63228B4AF300EDCD8E /* Release */,
			);
			defaultConfigurationIsVisible = 0;
			defaultConfigurationName = Release;
		};
/* End XCConfigurationList section */
	};
	rootObject = F5FF3A47228B4AF100EDCD8E /* Project object */;
}
